{
  "version": 4,
  "terraform_version": "1.10.3",
  "serial": 58,
  "lineage": "1d2d24db-7a6b-a243-9e34-68edc91fa16f",
  "outputs": {},
  "resources": [
    {
      "mode": "data",
      "type": "aws_security_group",
      "name": "cluster_sg",
      "provider": "provider[\"registry.terraform.io/hashicorp/aws\"]",
      "instances": [
        {
          "schema_version": 0,
          "attributes": {
            "arn": "arn:aws:ec2:ap-northeast-2:941377151595:security-group/sg-039fa6f1e9b5ccc22",
            "description": "Allow traffic for a cluster",
            "filter": null,
            "id": "sg-039fa6f1e9b5ccc22",
            "name": "cluster-sg",
            "tags": {
              "Name": "cluster-sg"
            },
            "timeouts": null,
            "vpc_id": "vpc-045dfcc38082aa6bf"
          },
          "sensitive_attributes": []
        }
      ]
    },
    {
      "mode": "data",
      "type": "aws_security_group",
      "name": "node_grp_sg",
      "provider": "provider[\"registry.terraform.io/hashicorp/aws\"]",
      "instances": [
        {
          "schema_version": 0,
          "attributes": {
            "arn": "arn:aws:ec2:ap-northeast-2:941377151595:security-group/sg-0b4edc052fbdfb85b",
            "description": "Allow traffic for a node group",
            "filter": null,
            "id": "sg-0b4edc052fbdfb85b",
            "name": "node-grp-sg",
            "tags": {
              "Name": "node-grp-sg"
            },
            "timeouts": null,
            "vpc_id": "vpc-045dfcc38082aa6bf"
          },
          "sensitive_attributes": []
        }
      ]
    },
    {
      "mode": "data",
      "type": "aws_subnet",
      "name": "raku_pub01_2a",
      "provider": "provider[\"registry.terraform.io/hashicorp/aws\"]",
      "instances": [
        {
          "schema_version": 0,
          "attributes": {
            "arn": "arn:aws:ec2:ap-northeast-2:941377151595:subnet/subnet-08a6d7b1273db2c49",
            "assign_ipv6_address_on_creation": false,
            "availability_zone": "ap-northeast-2a",
            "availability_zone_id": "apne2-az1",
            "available_ip_address_count": 249,
            "cidr_block": "10.0.10.0/24",
            "customer_owned_ipv4_pool": "",
            "default_for_az": false,
            "enable_dns64": false,
            "enable_lni_at_device_index": 0,
            "enable_resource_name_dns_a_record_on_launch": false,
            "enable_resource_name_dns_aaaa_record_on_launch": false,
            "filter": null,
            "id": "subnet-08a6d7b1273db2c49",
            "ipv6_cidr_block": "",
            "ipv6_cidr_block_association_id": "",
            "ipv6_native": false,
            "map_customer_owned_ip_on_launch": false,
            "map_public_ip_on_launch": false,
            "outpost_arn": "",
            "owner_id": "941377151595",
            "private_dns_hostname_type_on_launch": "ip-name",
            "state": "available",
            "tags": {
              "Name": "raku-pub01-2a"
            },
            "timeouts": null,
            "vpc_id": "vpc-045dfcc38082aa6bf"
          },
          "sensitive_attributes": []
        }
      ]
    },
    {
      "mode": "data",
      "type": "aws_subnet",
      "name": "raku_pvt01_2c",
      "provider": "provider[\"registry.terraform.io/hashicorp/aws\"]",
      "instances": [
        {
          "schema_version": 0,
          "attributes": {
            "arn": "arn:aws:ec2:ap-northeast-2:941377151595:subnet/subnet-086a24fc6aaa7afd4",
            "assign_ipv6_address_on_creation": false,
            "availability_zone": "ap-northeast-2c",
            "availability_zone_id": "apne2-az3",
            "available_ip_address_count": 251,
            "cidr_block": "10.0.20.0/24",
            "customer_owned_ipv4_pool": "",
            "default_for_az": false,
            "enable_dns64": false,
            "enable_lni_at_device_index": 0,
            "enable_resource_name_dns_a_record_on_launch": false,
            "enable_resource_name_dns_aaaa_record_on_launch": false,
            "filter": null,
            "id": "subnet-086a24fc6aaa7afd4",
            "ipv6_cidr_block": "",
            "ipv6_cidr_block_association_id": "",
            "ipv6_native": false,
            "map_customer_owned_ip_on_launch": false,
            "map_public_ip_on_launch": false,
            "outpost_arn": "",
            "owner_id": "941377151595",
            "private_dns_hostname_type_on_launch": "ip-name",
            "state": "available",
            "tags": {
              "Name": "raku-pvt01-2c"
            },
            "timeouts": null,
            "vpc_id": "vpc-045dfcc38082aa6bf"
          },
          "sensitive_attributes": []
        }
      ]
    },
    {
      "mode": "data",
      "type": "aws_subnet",
      "name": "raku_pvt02_2a",
      "provider": "provider[\"registry.terraform.io/hashicorp/aws\"]",
      "instances": [
        {
          "schema_version": 0,
          "attributes": {
            "arn": "arn:aws:ec2:ap-northeast-2:941377151595:subnet/subnet-0bed4ba59f8b847a6",
            "assign_ipv6_address_on_creation": false,
            "availability_zone": "ap-northeast-2a",
            "availability_zone_id": "apne2-az1",
            "available_ip_address_count": 251,
            "cidr_block": "10.0.30.0/24",
            "customer_owned_ipv4_pool": "",
            "default_for_az": false,
            "enable_dns64": false,
            "enable_lni_at_device_index": 0,
            "enable_resource_name_dns_a_record_on_launch": false,
            "enable_resource_name_dns_aaaa_record_on_launch": false,
            "filter": null,
            "id": "subnet-0bed4ba59f8b847a6",
            "ipv6_cidr_block": "",
            "ipv6_cidr_block_association_id": "",
            "ipv6_native": false,
            "map_customer_owned_ip_on_launch": false,
            "map_public_ip_on_launch": false,
            "outpost_arn": "",
            "owner_id": "941377151595",
            "private_dns_hostname_type_on_launch": "ip-name",
            "state": "available",
            "tags": {
              "Name": "raku-pvt02-2a"
            },
            "timeouts": null,
            "vpc_id": "vpc-045dfcc38082aa6bf"
          },
          "sensitive_attributes": []
        }
      ]
    },
    {
      "mode": "data",
      "type": "aws_vpc",
      "name": "raku_vpc",
      "provider": "provider[\"registry.terraform.io/hashicorp/aws\"]",
      "instances": [
        {
          "schema_version": 0,
          "attributes": {
            "arn": "arn:aws:ec2:ap-northeast-2:941377151595:vpc/vpc-045dfcc38082aa6bf",
            "cidr_block": "10.0.0.0/16",
            "cidr_block_associations": [
              {
                "association_id": "vpc-cidr-assoc-0756fb1dabc73aaac",
                "cidr_block": "10.0.0.0/16",
                "state": "associated"
              }
            ],
            "default": false,
            "dhcp_options_id": "dopt-0a9c73d1efbecd645",
            "enable_dns_hostnames": false,
            "enable_dns_support": true,
            "enable_network_address_usage_metrics": false,
            "filter": null,
            "id": "vpc-045dfcc38082aa6bf",
            "instance_tenancy": "default",
            "ipv6_association_id": "",
            "ipv6_cidr_block": "",
            "main_route_table_id": "rtb-00484113c85b1a248",
            "owner_id": "941377151595",
            "state": null,
            "tags": {
              "Name": "raku-vpc"
            },
            "timeouts": null
          },
          "sensitive_attributes": []
        }
      ]
    },
    {
      "mode": "managed",
      "type": "aws_eks_cluster",
      "name": "raku_cluster",
      "provider": "provider[\"registry.terraform.io/hashicorp/aws\"]",
      "instances": [
        {
          "schema_version": 1,
          "attributes": {
            "access_config": [
              {
                "authentication_mode": "CONFIG_MAP",
                "bootstrap_cluster_creator_admin_permissions": true
              }
            ],
            "arn": "arn:aws:eks:ap-northeast-2:941377151595:cluster/raku-cluster",
            "bootstrap_self_managed_addons": true,
            "certificate_authority": [
              {
                "data": "LS0tLS1CRUdJTiBDRVJUSUZJQ0FURS0tLS0tCk1JSURCVENDQWUyZ0F3SUJBZ0lJRmNnQ2ttTmdVZjh3RFFZSktvWklodmNOQVFFTEJRQXdGVEVUTUJFR0ExVUUKQXhNS2EzVmlaWEp1WlhSbGN6QWVGdzB5TlRBeE1qRXdNakkyTkROYUZ3MHpOVEF4TVRrd01qTXhORE5hTUJVeApFekFSQmdOVkJBTVRDbXQxWW1WeWJtVjBaWE13Z2dFaU1BMEdDU3FHU0liM0RRRUJBUVVBQTRJQkR3QXdnZ0VLCkFvSUJBUURCUm9GaHpXV1JGZk51TWJOQjBEV3JOeCtiTXBIVW5pNndEcDBVb3BDZnU1ZFBlZlVtS1c4VmJyZDYKek1hT3JYMzVndlpqdlhwcDNWdmF2SjJlN0h0MGpzSXhjSFNzazdaWVNObUtBUENodk80Ry9lcnd6WmRORnZIdwphdU5LZnY3K0s5RFQ0TU9WcEVqM3lTUUdRZlJZUXh5d3grMjNJUzZnUVlMcGhCNHB5dURGOFhDQ2ovRXNLbURvCmZjdG1oKzRlbW04cStBRnJQWmhZRkI0RHVFM1RLdWpHLzFUNkNJeHJxdVZYSmluV25paHVtOFJ3Vllldm8wQXAKRGlSeHAzU3RqVUdwZ3ZWdlBvMDM1MGs0OW0xQ21xNVJoM1FjeVJCOHRTRWdlTlpSVndyVVR0V2FYZ012TU5DZApRQ3kyRytrYktLVXkrZWpFTHlDUmZMTmdocHcxQWdNQkFBR2pXVEJYTUE0R0ExVWREd0VCL3dRRUF3SUNwREFQCkJnTlZIUk1CQWY4RUJUQURBUUgvTUIwR0ExVWREZ1FXQkJSSFNWcmZGNjRwYnU1cFFvK0JDTTcwc0dtemV6QVYKQmdOVkhSRUVEakFNZ2dwcmRXSmxjbTVsZEdWek1BMEdDU3FHU0liM0RRRUJDd1VBQTRJQkFRQlJMcTY3a21EVwpVV1dVL3BNWDlXL1Btc01OalFxaHllclptZi9HS25DbVlmRTh5anlyRnlIUDB2bW9WMXVjV3krNHZobTZwY3ZFCkNjdFE2SUQ3WG41S0FGVkl5SW1KU0owbkxUbVU0bS9hTGQ5VE1YV1owZjRNeXlROXZmeU9kRHJXZmpFcWVNd2oKMnhBbWRWSnhIVGJBaWZhMzJxcUo1Wk1iRmtIRE1ScHZtRS8rSnBENXU0L2VpVVJVYzdCSjRuUkQxckpLSHRUdAovREJ5ZFRFUDhpMjQ0U0VxS2FQM0VlRXMwdVlENVhxa1BDMHJ3Zy81UFR6cUs3M1Q1Zk1JbFgweWdVT3lWQ2hLCkFkSUEvcDFCbWtCSG0vR1RIaWhva0FWUWJzMW9BcDJmUTQrNjJFRTVKODhqS0NoSzBrRkpmb2xkWnZzZUdqeDQKbjZ1b2FqSkpENGVlCi0tLS0tRU5EIENFUlRJRklDQVRFLS0tLS0K"
              }
            ],
            "cluster_id": null,
            "compute_config": [],
            "created_at": "2025-01-21T02:28:02Z",
            "enabled_cluster_log_types": [
              "api",
              "audit",
              "authenticator",
              "controllerManager",
              "scheduler"
            ],
            "encryption_config": [],
            "endpoint": "https://265828AE07F09EC19CAE338F7BB8AAC7.gr7.ap-northeast-2.eks.amazonaws.com",
            "id": "raku-cluster",
            "identity": [
              {
                "oidc": [
                  {
                    "issuer": "https://oidc.eks.ap-northeast-2.amazonaws.com/id/265828AE07F09EC19CAE338F7BB8AAC7"
                  }
                ]
              }
            ],
            "kubernetes_network_config": [
              {
                "elastic_load_balancing": [
                  {
                    "enabled": false
                  }
                ],
                "ip_family": "ipv4",
                "service_ipv4_cidr": "172.20.0.0/16",
                "service_ipv6_cidr": ""
              }
            ],
            "name": "raku-cluster",
            "outpost_config": [],
            "platform_version": "eks.17",
            "remote_network_config": [],
            "role_arn": "arn:aws:iam::941377151595:role/raku-cluster-iam-role",
            "status": "ACTIVE",
            "storage_config": [],
            "tags": null,
            "tags_all": {},
            "timeouts": null,
            "upgrade_policy": [
              {
                "support_type": "EXTENDED"
              }
            ],
            "version": "1.31",
            "vpc_config": [
              {
                "cluster_security_group_id": "sg-03fa04bb1f21e1b31",
                "endpoint_private_access": true,
                "endpoint_public_access": true,
                "public_access_cidrs": [
                  "0.0.0.0/0"
                ],
                "security_group_ids": [
                  "sg-039fa6f1e9b5ccc22"
                ],
                "subnet_ids": [
                  "subnet-086a24fc6aaa7afd4",
                  "subnet-0bed4ba59f8b847a6"
                ],
                "vpc_id": "vpc-045dfcc38082aa6bf"
              }
            ],
            "zonal_shift_config": []
          },
          "sensitive_attributes": [],
          "private": "eyJlMmJmYjczMC1lY2FhLTExZTYtOGY4OC0zNDM2M2JjN2M0YzAiOnsiY3JlYXRlIjoxODAwMDAwMDAwMDAwLCJkZWxldGUiOjkwMDAwMDAwMDAwMCwidXBkYXRlIjozNjAwMDAwMDAwMDAwfSwic2NoZW1hX3ZlcnNpb24iOiIxIn0=",
          "dependencies": [
            "aws_iam_role.raku_cluster_iam_role",
            "data.aws_security_group.cluster_sg",
            "data.aws_subnet.raku_pvt01_2c",
            "data.aws_subnet.raku_pvt02_2a"
          ]
        }
      ]
    },
    {
      "mode": "managed",
      "type": "aws_eks_node_group",
      "name": "raku_node_group",
      "provider": "provider[\"registry.terraform.io/hashicorp/aws\"]",
      "instances": [
        {
          "schema_version": 0,
          "attributes": {
            "ami_type": "AL2023_x86_64_STANDARD",
            "arn": "arn:aws:eks:ap-northeast-2:941377151595:nodegroup/raku-cluster/raku-node-group/6eca435b-b115-1aa7-e0dc-a1a5b10a9561",
            "capacity_type": "ON_DEMAND",
            "cluster_name": "raku-cluster",
            "disk_size": 20,
            "force_update_version": null,
            "id": "raku-cluster:raku-node-group",
            "instance_types": [
              "t3.small"
            ],
            "labels": {
              "role": "raku_node_iam_role"
            },
            "launch_template": [],
            "node_group_name": "raku-node-group",
            "node_group_name_prefix": "",
            "node_repair_config": [],
            "node_role_arn": "arn:aws:iam::941377151595:role/raku-node-iam-role",
            "release_version": "1.31.4-20250116",
            "remote_access": [
              {
                "ec2_ssh_key": "raku-key",
                "source_security_group_ids": null
              }
            ],
            "resources": [
              {
                "autoscaling_groups": [
                  {
                    "name": "eks-raku-node-group-6eca435b-b115-1aa7-e0dc-a1a5b10a9561"
                  }
                ],
                "remote_access_security_group_id": "sg-0eb5752143ac27a55"
              }
            ],
            "scaling_config": [
              {
                "desired_size": 10,
                "max_size": 20,
                "min_size": 10
              }
            ],
            "status": "ACTIVE",
            "subnet_ids": [
              "subnet-086a24fc6aaa7afd4",
              "subnet-0bed4ba59f8b847a6"
            ],
            "tags": null,
            "tags_all": {},
            "taint": [],
            "timeouts": null,
            "update_config": [
              {
                "max_unavailable": 1,
                "max_unavailable_percentage": 0
              }
            ],
            "version": "1.31"
          },
          "sensitive_attributes": [],
          "private": "eyJlMmJmYjczMC1lY2FhLTExZTYtOGY4OC0zNDM2M2JjN2M0YzAiOnsiY3JlYXRlIjozNjAwMDAwMDAwMDAwLCJkZWxldGUiOjM2MDAwMDAwMDAwMDAsInVwZGF0ZSI6MzYwMDAwMDAwMDAwMH19",
          "dependencies": [
            "aws_eks_cluster.raku_cluster",
            "aws_iam_role.raku_cluster_iam_role",
            "aws_iam_role.raku_node_iam_role",
            "aws_iam_role_policy_attachment.AmazonEC2ContainerRegistryReadOnly",
            "aws_iam_role_policy_attachment.AmazonEKSWorkerNodePolicy",
            "aws_iam_role_policy_attachment.AmazonEKS_CNI_Policy",
            "data.aws_security_group.cluster_sg",
            "data.aws_subnet.raku_pvt01_2c",
            "data.aws_subnet.raku_pvt02_2a"
          ]
        }
      ]
    },
    {
      "mode": "managed",
      "type": "aws_iam_role",
      "name": "raku_cluster_iam_role",
      "provider": "provider[\"registry.terraform.io/hashicorp/aws\"]",
      "instances": [
        {
          "schema_version": 0,
          "attributes": {
            "arn": "arn:aws:iam::941377151595:role/raku-cluster-iam-role",
            "assume_role_policy": "{\"Statement\":[{\"Action\":\"sts:AssumeRole\",\"Effect\":\"Allow\",\"Principal\":{\"Service\":\"eks.amazonaws.com\"}}],\"Version\":\"2012-10-17\"}",
            "create_date": "2025-01-21T02:27:58Z",
            "description": "",
            "force_detach_policies": false,
            "id": "raku-cluster-iam-role",
            "inline_policy": [],
            "managed_policy_arns": [],
            "max_session_duration": 3600,
            "name": "raku-cluster-iam-role",
            "name_prefix": "",
            "path": "/",
            "permissions_boundary": "",
            "tags": null,
            "tags_all": {},
            "unique_id": "AROA5WLTTMJV4SUWY7KJR"
          },
          "sensitive_attributes": [],
          "private": "bnVsbA=="
        }
      ]
    },
    {
      "mode": "managed",
      "type": "aws_iam_role",
      "name": "raku_node_iam_role",
      "provider": "provider[\"registry.terraform.io/hashicorp/aws\"]",
      "instances": [
        {
          "schema_version": 0,
          "attributes": {
            "arn": "arn:aws:iam::941377151595:role/raku-node-iam-role",
            "assume_role_policy": "{\"Statement\":[{\"Action\":\"sts:AssumeRole\",\"Effect\":\"Allow\",\"Principal\":{\"Service\":\"ec2.amazonaws.com\"}}],\"Version\":\"2012-10-17\"}",
            "create_date": "2025-01-21T02:27:58Z",
            "description": "",
            "force_detach_policies": false,
            "id": "raku-node-iam-role",
            "inline_policy": [],
            "managed_policy_arns": [],
            "max_session_duration": 3600,
            "name": "raku-node-iam-role",
            "name_prefix": "",
            "path": "/",
            "permissions_boundary": "",
            "tags": null,
            "tags_all": {},
            "unique_id": "AROA5WLTTMJVZXIHG5DV3"
          },
          "sensitive_attributes": [],
          "private": "bnVsbA=="
        }
      ]
    },
    {
      "mode": "managed",
      "type": "aws_iam_role_policy_attachment",
      "name": "AmazonEC2ContainerRegistryReadOnly",
      "provider": "provider[\"registry.terraform.io/hashicorp/aws\"]",
      "instances": [
        {
          "schema_version": 0,
          "attributes": {
            "id": "raku-node-iam-role-20250121022759810600000003",
            "policy_arn": "arn:aws:iam::aws:policy/AmazonEC2ContainerRegistryReadOnly",
            "role": "raku-node-iam-role"
          },
          "sensitive_attributes": [],
          "private": "bnVsbA==",
          "dependencies": [
            "aws_iam_role.raku_node_iam_role"
          ]
        }
      ]
    },
    {
      "mode": "managed",
      "type": "aws_iam_role_policy_attachment",
      "name": "AmazonEKSClusterPolicy",
      "provider": "provider[\"registry.terraform.io/hashicorp/aws\"]",
      "instances": [
        {
          "schema_version": 0,
          "attributes": {
            "id": "raku-cluster-iam-role-20250121022759596600000002",
            "policy_arn": "arn:aws:iam::aws:policy/AmazonEKSClusterPolicy",
            "role": "raku-cluster-iam-role"
          },
          "sensitive_attributes": [],
          "private": "bnVsbA==",
          "dependencies": [
            "aws_iam_role.raku_cluster_iam_role"
          ]
        }
      ]
    },
    {
      "mode": "managed",
      "type": "aws_iam_role_policy_attachment",
      "name": "AmazonEKSWorkerNodePolicy",
      "provider": "provider[\"registry.terraform.io/hashicorp/aws\"]",
      "instances": [
        {
          "schema_version": 0,
          "attributes": {
            "id": "raku-node-iam-role-20250121022759899700000004",
            "policy_arn": "arn:aws:iam::aws:policy/AmazonEKSWorkerNodePolicy",
            "role": "raku-node-iam-role"
          },
          "sensitive_attributes": [],
          "private": "bnVsbA==",
          "dependencies": [
            "aws_iam_role.raku_node_iam_role"
          ]
        }
      ]
    },
    {
      "mode": "managed",
      "type": "aws_iam_role_policy_attachment",
      "name": "AmazonEKS_CNI_Policy",
      "provider": "provider[\"registry.terraform.io/hashicorp/aws\"]",
      "instances": [
        {
          "schema_version": 0,
          "attributes": {
            "id": "raku-node-iam-role-20250121022759548200000001",
            "policy_arn": "arn:aws:iam::aws:policy/AmazonEKS_CNI_Policy",
            "role": "raku-node-iam-role"
          },
          "sensitive_attributes": [],
          "private": "bnVsbA==",
          "dependencies": [
            "aws_iam_role.raku_node_iam_role"
          ]
        }
      ]
    }
  ],
  "check_results": null
}
